
Microsoft Visual Studio Solution File, Format Version 12.00
# Visual Studio Version 16
VisualStudioVersion = 16.0.31702.278
MinimumVisualStudioVersion = 10.0.40219.1
Project("{9A19103F-16F7-4668-BE54-9A1E7A4F7556}") = "EmployeeManagement.Web", "EmployeeManagement.Web\EmployeeManagement.Web.csproj", "{E5DECA91-4187-47F4-AF6B-F00C57AD7452}"
EndProject
Project("{9A19103F-16F7-4668-BE54-9A1E7A4F7556}") = "EmployeeManagement.Models", "EmployeeManagement.Models\EmployeeManagement.Models.csproj", "{C7512245-781B-43E7-A4B6-D4F91F1C6A74}"
EndProject
Project("{FAE04EC0-301F-11D3-BF4B-00C04F79EFBC}") = "EmployeeManagement.Api", "EmployeeManagement.Api\EmployeeManagement.Api.csproj", "{7B6315C4-5D83-43C5-954E-72AADC28F7AC}"
EndProject
Global
	GlobalSection(SolutionConfigurationPlatforms) = preSolution
		Debug|Any CPU = Debug|Any CPU
		Release|Any CPU = Release|Any CPU
	EndGlobalSection
	GlobalSection(ProjectConfigurationPlatforms) = postSolution
		{E5DECA91-4187-47F4-AF6B-F00C57AD7452}.Debug|Any CPU.ActiveCfg = Debug|Any CPU
		{E5DECA91-4187-47F4-AF6B-F00C57AD7452}.Debug|Any CPU.Build.0 = Debug|Any CPU
		{E5DECA91-4187-47F4-AF6B-F00C57AD7452}.Release|Any CPU.ActiveCfg = Release|Any CPU
		{E5DECA91-4187-47F4-AF6B-F00C57AD7452}.Release|Any CPU.Build.0 = Release|Any CPU
		{C7512245-781B-43E7-A4B6-D4F91F1C6A74}.Debug|Any CPU.ActiveCfg = Debug|Any CPU
		{C7512245-781B-43E7-A4B6-D4F91F1C6A74}.Debug|Any CPU.Build.0 = Debug|Any CPU
		{C7512245-781B-43E7-A4B6-D4F91F1C6A74}.Release|Any CPU.ActiveCfg = Release|Any CPU
		{C7512245-781B-43E7-A4B6-D4F91F1C6A74}.Release|Any CPU.Build.0 = Release|Any CPU
		{7B6315C4-5D83-43C5-954E-72AADC28F7AC}.Debug|Any CPU.ActiveCfg = Debug|Any CPU
		{7B6315C4-5D83-43C5-954E-72AADC28F7AC}.Debug|Any CPU.Build.0 = Debug|Any CPU
		{7B6315C4-5D83-43C5-954E-72AADC28F7AC}.Release|Any CPU.ActiveCfg = Release|Any CPU
		{7B6315C4-5D83-43C5-954E-72AADC28F7AC}.Release|Any CPU.Build.0 = Release|Any CPU
	EndGlobalSection
	GlobalSection(SolutionProperties) = preSolution
		HideSolutionNode = FALSE
	EndGlobalSection
	GlobalSection(ExtensibilityGlobals) = postSolution
		SolutionGuid = {DBDCA898-5E57-461F-8C54-075C4551B37C}
	EndGlobalSection
EndGlobal
